
Microsoft Visual Studio Solution File, Format Version 12.00
# Visual Studio Version 17
VisualStudioVersion = 17.0.31903.59
MinimumVisualStudioVersion = 10.0.40219.1
Project("{FAE04EC0-301F-11D3-BF4B-00C04F79EFBC}") = "AuctionService", "AuctionService\AuctionService.csproj", "{C5669B0C-E6BF-46FB-940B-23C2E3F7FCEA}"
EndProject
Project("{FAE04EC0-301F-11D3-BF4B-00C04F79EFBC}") = "AuctionServiceTest", "AuctionServiceTest\AuctionServiceTest.csproj", "{A97EA569-20C0-4194-9E28-C553D4F69016}"
EndProject
Project("{FAE04EC0-301F-11D3-BF4B-00C04F79EFBC}") = "BidService", "BidService\BidService.csproj", "{70C6A01F-DFEF-4272-8075-E0BD159CACBA}"
EndProject
Project("{FAE04EC0-301F-11D3-BF4B-00C04F79EFBC}") = "BidServiceTest", "BidServiceTest\BidServiceTest.csproj", "{FA57912B-A99B-42FF-9520-245C71B48266}"
EndProject
Project("{FAE04EC0-301F-11D3-BF4B-00C04F79EFBC}") = "ItemService", "ItemService\ItemService.csproj", "{D20EABC6-25F2-474F-A205-6449E19061BD}"
EndProject
Project("{FAE04EC0-301F-11D3-BF4B-00C04F79EFBC}") = "ItemServiceTest", "ItemServiceTest\ItemServiceTest.csproj", "{258E97C8-C2F4-4AF1-A30D-FC7956777671}"
EndProject
Global
	GlobalSection(SolutionConfigurationPlatforms) = preSolution
		Debug|Any CPU = Debug|Any CPU
		Release|Any CPU = Release|Any CPU
	EndGlobalSection
	GlobalSection(SolutionProperties) = preSolution
		HideSolutionNode = FALSE
	EndGlobalSection
	GlobalSection(ProjectConfigurationPlatforms) = postSolution
		{C5669B0C-E6BF-46FB-940B-23C2E3F7FCEA}.Debug|Any CPU.ActiveCfg = Debug|Any CPU
		{C5669B0C-E6BF-46FB-940B-23C2E3F7FCEA}.Debug|Any CPU.Build.0 = Debug|Any CPU
		{C5669B0C-E6BF-46FB-940B-23C2E3F7FCEA}.Release|Any CPU.ActiveCfg = Release|Any CPU
		{C5669B0C-E6BF-46FB-940B-23C2E3F7FCEA}.Release|Any CPU.Build.0 = Release|Any CPU
		{A97EA569-20C0-4194-9E28-C553D4F69016}.Debug|Any CPU.ActiveCfg = Debug|Any CPU
		{A97EA569-20C0-4194-9E28-C553D4F69016}.Debug|Any CPU.Build.0 = Debug|Any CPU
		{A97EA569-20C0-4194-9E28-C553D4F69016}.Release|Any CPU.ActiveCfg = Release|Any CPU
		{A97EA569-20C0-4194-9E28-C553D4F69016}.Release|Any CPU.Build.0 = Release|Any CPU
		{70C6A01F-DFEF-4272-8075-E0BD159CACBA}.Debug|Any CPU.ActiveCfg = Debug|Any CPU
		{70C6A01F-DFEF-4272-8075-E0BD159CACBA}.Debug|Any CPU.Build.0 = Debug|Any CPU
		{70C6A01F-DFEF-4272-8075-E0BD159CACBA}.Release|Any CPU.ActiveCfg = Release|Any CPU
		{70C6A01F-DFEF-4272-8075-E0BD159CACBA}.Release|Any CPU.Build.0 = Release|Any CPU
		{FA57912B-A99B-42FF-9520-245C71B48266}.Debug|Any CPU.ActiveCfg = Debug|Any CPU
		{FA57912B-A99B-42FF-9520-245C71B48266}.Debug|Any CPU.Build.0 = Debug|Any CPU
		{FA57912B-A99B-42FF-9520-245C71B48266}.Release|Any CPU.ActiveCfg = Release|Any CPU
		{FA57912B-A99B-42FF-9520-245C71B48266}.Release|Any CPU.Build.0 = Release|Any CPU
		{D20EABC6-25F2-474F-A205-6449E19061BD}.Debug|Any CPU.ActiveCfg = Debug|Any CPU
		{D20EABC6-25F2-474F-A205-6449E19061BD}.Debug|Any CPU.Build.0 = Debug|Any CPU
		{D20EABC6-25F2-474F-A205-6449E19061BD}.Release|Any CPU.ActiveCfg = Release|Any CPU
		{D20EABC6-25F2-474F-A205-6449E19061BD}.Release|Any CPU.Build.0 = Release|Any CPU
		{258E97C8-C2F4-4AF1-A30D-FC7956777671}.Debug|Any CPU.ActiveCfg = Debug|Any CPU
		{258E97C8-C2F4-4AF1-A30D-FC7956777671}.Debug|Any CPU.Build.0 = Debug|Any CPU
		{258E97C8-C2F4-4AF1-A30D-FC7956777671}.Release|Any CPU.ActiveCfg = Release|Any CPU
		{258E97C8-C2F4-4AF1-A30D-FC7956777671}.Release|Any CPU.Build.0 = Release|Any CPU
	EndGlobalSection
EndGlobal
